
Microsoft Visual Studio Solution File, Format Version 12.00
# Visual Studio Version 17
VisualStudioVersion = 17.0.31903.59
MinimumVisualStudioVersion = 10.0.40219.1
Project("{9A19103F-16F7-4668-BE54-9A1E7A4F7556}") = "MarketGoods.Domain", "src\MarketGoods.Domain\MarketGoods.Domain.csproj", "{25A71BB4-2005-45D7-ADEE-5099ADE351A0}"
EndProject
Project("{9A19103F-16F7-4668-BE54-9A1E7A4F7556}") = "MarketGoods.Application", "src\MarketGoods.Application\MarketGoods.Application.csproj", "{18B6B9A5-7230-4EBB-8E3B-86E6C2E1973F}"
EndProject
Project("{9A19103F-16F7-4668-BE54-9A1E7A4F7556}") = "MarketGoods.Infrastructure", "src\MarketGoods.Infrastructure\MarketGoods.Infrastructure.csproj", "{A248896E-024C-4AA0-9C56-505A16DAED2A}"
EndProject
Project("{9A19103F-16F7-4668-BE54-9A1E7A4F7556}") = "MarketGoods.WebAPI", "src\MarketGoods.WebAPI\MarketGoods.WebAPI.csproj", "{99EA2B1A-BC01-4761-A817-B17B24E749E2}"
EndProject
Project("{9A19103F-16F7-4668-BE54-9A1E7A4F7556}") = "MarketGoods.Application.Users.UnitTests", "tests\MarketGoods.Application.Users.UnitTests\MarketGoods.Application.Users.UnitTests.csproj", "{00B3C821-A8EF-4C8A-B62E-05A95DBD5CF9}"
EndProject
Project("{9A19103F-16F7-4668-BE54-9A1E7A4F7556}") = "MarketGoods.Application.Goods.UnitTests", "tests\MarketGoods.Application.Goods.UnitTests\MarketGoods.Application.Goods.UnitTests.csproj", "{4CEF2EFC-4AB3-40A0-B94D-3AFE67667C60}"
EndProject
Project("{E53339B2-1760-4266-BCC7-CA923CBCF16C}") = "docker-compose", "docker-compose.dcproj", "{47D41B83-261B-423B-BC35-30114E1EEFDB}"
EndProject
Global
	GlobalSection(SolutionConfigurationPlatforms) = preSolution
		Debug|Any CPU = Debug|Any CPU
		Release|Any CPU = Release|Any CPU
	EndGlobalSection
	GlobalSection(ProjectConfigurationPlatforms) = postSolution
		{25A71BB4-2005-45D7-ADEE-5099ADE351A0}.Debug|Any CPU.ActiveCfg = Debug|Any CPU
		{25A71BB4-2005-45D7-ADEE-5099ADE351A0}.Debug|Any CPU.Build.0 = Debug|Any CPU
		{25A71BB4-2005-45D7-ADEE-5099ADE351A0}.Release|Any CPU.ActiveCfg = Release|Any CPU
		{25A71BB4-2005-45D7-ADEE-5099ADE351A0}.Release|Any CPU.Build.0 = Release|Any CPU
		{18B6B9A5-7230-4EBB-8E3B-86E6C2E1973F}.Debug|Any CPU.ActiveCfg = Debug|Any CPU
		{18B6B9A5-7230-4EBB-8E3B-86E6C2E1973F}.Debug|Any CPU.Build.0 = Debug|Any CPU
		{18B6B9A5-7230-4EBB-8E3B-86E6C2E1973F}.Release|Any CPU.ActiveCfg = Release|Any CPU
		{18B6B9A5-7230-4EBB-8E3B-86E6C2E1973F}.Release|Any CPU.Build.0 = Release|Any CPU
		{A248896E-024C-4AA0-9C56-505A16DAED2A}.Debug|Any CPU.ActiveCfg = Debug|Any CPU
		{A248896E-024C-4AA0-9C56-505A16DAED2A}.Debug|Any CPU.Build.0 = Debug|Any CPU
		{A248896E-024C-4AA0-9C56-505A16DAED2A}.Release|Any CPU.ActiveCfg = Release|Any CPU
		{A248896E-024C-4AA0-9C56-505A16DAED2A}.Release|Any CPU.Build.0 = Release|Any CPU
		{99EA2B1A-BC01-4761-A817-B17B24E749E2}.Debug|Any CPU.ActiveCfg = Debug|Any CPU
		{99EA2B1A-BC01-4761-A817-B17B24E749E2}.Debug|Any CPU.Build.0 = Debug|Any CPU
		{99EA2B1A-BC01-4761-A817-B17B24E749E2}.Release|Any CPU.ActiveCfg = Release|Any CPU
		{99EA2B1A-BC01-4761-A817-B17B24E749E2}.Release|Any CPU.Build.0 = Release|Any CPU
		{00B3C821-A8EF-4C8A-B62E-05A95DBD5CF9}.Debug|Any CPU.ActiveCfg = Debug|Any CPU
		{00B3C821-A8EF-4C8A-B62E-05A95DBD5CF9}.Debug|Any CPU.Build.0 = Debug|Any CPU
		{00B3C821-A8EF-4C8A-B62E-05A95DBD5CF9}.Release|Any CPU.ActiveCfg = Release|Any CPU
		{00B3C821-A8EF-4C8A-B62E-05A95DBD5CF9}.Release|Any CPU.Build.0 = Release|Any CPU
		{4CEF2EFC-4AB3-40A0-B94D-3AFE67667C60}.Debug|Any CPU.ActiveCfg = Debug|Any CPU
		{4CEF2EFC-4AB3-40A0-B94D-3AFE67667C60}.Debug|Any CPU.Build.0 = Debug|Any CPU
		{4CEF2EFC-4AB3-40A0-B94D-3AFE67667C60}.Release|Any CPU.ActiveCfg = Release|Any CPU
		{4CEF2EFC-4AB3-40A0-B94D-3AFE67667C60}.Release|Any CPU.Build.0 = Release|Any CPU
		{47D41B83-261B-423B-BC35-30114E1EEFDB}.Debug|Any CPU.ActiveCfg = Debug|Any CPU
		{47D41B83-261B-423B-BC35-30114E1EEFDB}.Debug|Any CPU.Build.0 = Debug|Any CPU
		{47D41B83-261B-423B-BC35-30114E1EEFDB}.Release|Any CPU.ActiveCfg = Release|Any CPU
		{47D41B83-261B-423B-BC35-30114E1EEFDB}.Release|Any CPU.Build.0 = Release|Any CPU
	EndGlobalSection
	GlobalSection(SolutionProperties) = preSolution
		HideSolutionNode = FALSE
	EndGlobalSection
	GlobalSection(ExtensibilityGlobals) = postSolution
		SolutionGuid = {B19A1B0B-8402-4A80-866B-9E2455FAA9CA}
	EndGlobalSection
EndGlobal
